
Microsoft Visual Studio Solution File, Format Version 12.00
# Visual Studio Version 16
VisualStudioVersion = 16.0.31729.503
MinimumVisualStudioVersion = 10.0.40219.1
Project("{FAE04EC0-301F-11D3-BF4B-00C04F79EFBC}") = "Hw9", "Hw9\Hw9.csproj", "{AA9367A8-B6C1-4CFF-AF9B-8B6EE2653583}"
EndProject
Global
	GlobalSection(SolutionConfigurationPlatforms) = preSolution
		Debug|Any CPU = Debug|Any CPU
		Release|Any CPU = Release|Any CPU
	EndGlobalSection
	GlobalSection(ProjectConfigurationPlatforms) = postSolution
		{AA9367A8-B6C1-4CFF-AF9B-8B6EE2653583}.Debug|Any CPU.ActiveCfg = Debug|Any CPU
		{AA9367A8-B6C1-4CFF-AF9B-8B6EE2653583}.Debug|Any CPU.Build.0 = Debug|Any CPU
		{AA9367A8-B6C1-4CFF-AF9B-8B6EE2653583}.Release|Any CPU.ActiveCfg = Release|Any CPU
		{AA9367A8-B6C1-4CFF-AF9B-8B6EE2653583}.Release|Any CPU.Build.0 = Release|Any CPU
	EndGlobalSection
	GlobalSection(SolutionProperties) = preSolution
		HideSolutionNode = FALSE
	EndGlobalSection
	GlobalSection(ExtensibilityGlobals) = postSolution
		SolutionGuid = {E8CC0C96-8388-4723-90EF-5113E80E8E4C}
	EndGlobalSection
EndGlobal
